
Microsoft Visual Studio Solution File, Format Version 12.00
# Visual Studio Version 16
VisualStudioVersion = 16.0.30804.86
MinimumVisualStudioVersion = 10.0.40219.1
Project("{FAE04EC0-301F-11D3-BF4B-00C04F79EFBC}") = "FilterItems", "FilterItems\FilterItems.csproj", "{437C5D72-5651-4D35-B4F8-6C2E635D5EB4}"
EndProject
Global
	GlobalSection(SolutionConfigurationPlatforms) = preSolution
		Debug|Any CPU = Debug|Any CPU
		Release|Any CPU = Release|Any CPU
	EndGlobalSection
	GlobalSection(ProjectConfigurationPlatforms) = postSolution
		{437C5D72-5651-4D35-B4F8-6C2E635D5EB4}.Debug|Any CPU.ActiveCfg = Debug|Any CPU
		{437C5D72-5651-4D35-B4F8-6C2E635D5EB4}.Debug|Any CPU.Build.0 = Debug|Any CPU
		{437C5D72-5651-4D35-B4F8-6C2E635D5EB4}.Release|Any CPU.ActiveCfg = Release|Any CPU
		{437C5D72-5651-4D35-B4F8-6C2E635D5EB4}.Release|Any CPU.Build.0 = Release|Any CPU
	EndGlobalSection
	GlobalSection(SolutionProperties) = preSolution
		HideSolutionNode = FALSE
	EndGlobalSection
	GlobalSection(ExtensibilityGlobals) = postSolution
		SolutionGuid = {9D93B781-3638-4545-B917-C1ACF6B6A944}
	EndGlobalSection
EndGlobal
